
Microsoft Visual Studio Solution File, Format Version 12.00
# Visual Studio 15
VisualStudioVersion = 15.0.27130.2036
MinimumVisualStudioVersion = 10.0.40219.1
Project("{FAE04EC0-301F-11D3-BF4B-00C04F79EFBC}") = "Atesh.BindableProperties.Test", "Tests\Atesh.BindableProperties.Test\Atesh.BindableProperties.Test.csproj", "{8EDF4429-251A-416D-BB68-93F227191BCF}"
EndProject
Project("{9A19103F-16F7-4668-BE54-9A1E7A4F7556}") = "Atesh.BindableProperties", "Source\Atesh.BindableProperties\Atesh.BindableProperties.csproj", "{8565D922-A241-42D9-841F-ADACB93DF07B}"
EndProject
Project("{2150E333-8FDC-42A3-9474-1A3956D46DE8}") = "Solution Items", "Solution Items", "{CE1CECD7-D04F-4A76-992B-6D4FF811D7C7}"
	ProjectSection(SolutionItems) = preProject
		README.md = README.md
	EndProjectSection
EndProject
Project("{2150E333-8FDC-42A3-9474-1A3956D46DE8}") = "Examples", "Examples", "{3201A803-278F-4F5B-B671-63FD9E838443}"
EndProject
Project("{FAE04EC0-301F-11D3-BF4B-00C04F79EFBC}") = "PrivatelySettablePrivatelyBindablePropertyExample", "Examples\PrivatelySettablePrivatelyBindablePropertyExample\PrivatelySettablePrivatelyBindablePropertyExample.csproj", "{773E6028-49EE-4A04-8250-C2CCF01BD180}"
EndProject
Project("{FAE04EC0-301F-11D3-BF4B-00C04F79EFBC}") = "PrivatelySettablePrivatelyBindablePropertyWithBackingFieldExample", "PrivatelySettablePrivatelyBindablePropertyWithBackingFieldExample\PrivatelySettablePrivatelyBindablePropertyWithBackingFieldExample.csproj", "{80C3E224-48B9-448A-A6D8-774511B865F9}"
EndProject
Project("{FAE04EC0-301F-11D3-BF4B-00C04F79EFBC}") = "PrivatelyBindablePropertyExample", "PrivatelyBindablePropertyExample\PrivatelyBindablePropertyExample.csproj", "{C9040706-2EC4-47C1-A759-E27A6904DA7D}"
EndProject
Global
	GlobalSection(SolutionConfigurationPlatforms) = preSolution
		Debug|Any CPU = Debug|Any CPU
		Release|Any CPU = Release|Any CPU
	EndGlobalSection
	GlobalSection(ProjectConfigurationPlatforms) = postSolution
		{8EDF4429-251A-416D-BB68-93F227191BCF}.Debug|Any CPU.ActiveCfg = Release|Any CPU
		{8EDF4429-251A-416D-BB68-93F227191BCF}.Debug|Any CPU.Build.0 = Release|Any CPU
		{8EDF4429-251A-416D-BB68-93F227191BCF}.Release|Any CPU.ActiveCfg = Release|Any CPU
		{8EDF4429-251A-416D-BB68-93F227191BCF}.Release|Any CPU.Build.0 = Release|Any CPU
		{8565D922-A241-42D9-841F-ADACB93DF07B}.Debug|Any CPU.ActiveCfg = Release|Any CPU
		{8565D922-A241-42D9-841F-ADACB93DF07B}.Debug|Any CPU.Build.0 = Release|Any CPU
		{8565D922-A241-42D9-841F-ADACB93DF07B}.Release|Any CPU.ActiveCfg = Release|Any CPU
		{8565D922-A241-42D9-841F-ADACB93DF07B}.Release|Any CPU.Build.0 = Release|Any CPU
		{773E6028-49EE-4A04-8250-C2CCF01BD180}.Debug|Any CPU.ActiveCfg = Debug|Any CPU
		{773E6028-49EE-4A04-8250-C2CCF01BD180}.Debug|Any CPU.Build.0 = Debug|Any CPU
		{773E6028-49EE-4A04-8250-C2CCF01BD180}.Release|Any CPU.ActiveCfg = Release|Any CPU
		{773E6028-49EE-4A04-8250-C2CCF01BD180}.Release|Any CPU.Build.0 = Release|Any CPU
		{80C3E224-48B9-448A-A6D8-774511B865F9}.Debug|Any CPU.ActiveCfg = Debug|Any CPU
		{80C3E224-48B9-448A-A6D8-774511B865F9}.Debug|Any CPU.Build.0 = Debug|Any CPU
		{80C3E224-48B9-448A-A6D8-774511B865F9}.Release|Any CPU.ActiveCfg = Release|Any CPU
		{80C3E224-48B9-448A-A6D8-774511B865F9}.Release|Any CPU.Build.0 = Release|Any CPU
		{C9040706-2EC4-47C1-A759-E27A6904DA7D}.Debug|Any CPU.ActiveCfg = Debug|Any CPU
		{C9040706-2EC4-47C1-A759-E27A6904DA7D}.Debug|Any CPU.Build.0 = Debug|Any CPU
		{C9040706-2EC4-47C1-A759-E27A6904DA7D}.Release|Any CPU.ActiveCfg = Release|Any CPU
		{C9040706-2EC4-47C1-A759-E27A6904DA7D}.Release|Any CPU.Build.0 = Release|Any CPU
	EndGlobalSection
	GlobalSection(SolutionProperties) = preSolution
		HideSolutionNode = FALSE
	EndGlobalSection
	GlobalSection(NestedProjects) = preSolution
		{773E6028-49EE-4A04-8250-C2CCF01BD180} = {3201A803-278F-4F5B-B671-63FD9E838443}
		{80C3E224-48B9-448A-A6D8-774511B865F9} = {3201A803-278F-4F5B-B671-63FD9E838443}
		{C9040706-2EC4-47C1-A759-E27A6904DA7D} = {3201A803-278F-4F5B-B671-63FD9E838443}
	EndGlobalSection
	GlobalSection(ExtensibilityGlobals) = postSolution
		SolutionGuid = {EF0AE3B0-7FAC-4AE6-8CD5-8469602BD6DA}
	EndGlobalSection
EndGlobal
